github.com/banditmoscow1337/miniVK v0.0.0-20261002205101-a274b61b4b30 h1:DnXqJLw/fcYW1JdFLecBtEWyWyJUoDtESydgnOPHC+M=
github.com/banditmoscow1337/miniVK v0.0.0-20261002205101-a274b61b4b30/go.mod h1:nxVgjmBaZWwHx+o8Cq/4xsBgeg8PkC24jj3HhvwQnKM=
github.com/ebitengine/purego v0.11.1 h1:2zpWRSQNVKN4eKsKO9eM1ILDgWfYMY9GwqRmK6XeQ/0=
github.com/ebitengine/purego v0.11.1/go.mod h1:DCHPP08djqhNSoTfImcnHYQRZmd0qhakvrozqaEYhGQ=
